
Microsoft Visual Studio Solution File, Format Version 12.00
# Visual Studio Version 17
VisualStudioVersion = 17.2.32526.322
MinimumVisualStudioVersion = 10.0.40219.1
Project("{FAE04EC0-301F-11D3-BF4B-00C04F79EFBC}") = "IoCardWebApi", "IoCardWebApi\IoCardWebApi.csproj", "{133910C3-ACF9-4726-803F-4FB6361AB18C}"
EndProject
Global
	GlobalSection(SolutionConfigurationPlatforms) = preSolution
		Debug|Any CPU = Debug|Any CPU
		Release|Any CPU = Release|Any CPU
	EndGlobalSection
	GlobalSection(ProjectConfigurationPlatforms) = postSolution
		{133910C3-ACF9-4726-803F-4FB6361AB18C}.Debug|Any CPU.ActiveCfg = Debug|Any CPU
		{133910C3-ACF9-4726-803F-4FB6361AB18C}.Debug|Any CPU.Build.0 = Debug|Any CPU
		{133910C3-ACF9-4726-803F-4FB6361AB18C}.Release|Any CPU.ActiveCfg = Release|Any CPU
		{133910C3-ACF9-4726-803F-4FB6361AB18C}.Release|Any CPU.Build.0 = Release|Any CPU
	EndGlobalSection
	GlobalSection(SolutionProperties) = preSolution
		HideSolutionNode = FALSE
	EndGlobalSection
	GlobalSection(ExtensibilityGlobals) = postSolution
		SolutionGuid = {431BDE1E-ED22-433D-9663-DD90C1D67590}
	EndGlobalSection
EndGlobal
